// !$*UTF8*$!
{
	archiveVersion = 1;
	classes = {
	};
	objectVersion = 46;
	objects = {

/* Begin PBXBuildFile section */
		280205161F155DA90046FEC7 /* UIKitExtensions.swift in Sources */ = {isa = PBXBuildFile; fileRef = 280205151F155DA90046FEC7 /* UIKitExtensions.swift */; };
		280205181F1560720046FEC7 /* RepositoryTests.swift in Sources */ = {isa = PBXBuildFile; fileRef = 280205171F1560720046FEC7 /* RepositoryTests.swift */; };
		2802051A1F15621A0046FEC7 /* Repository.swift in Sources */ = {isa = PBXBuildFile; fileRef = 280205191F15621A0046FEC7 /* Repository.swift */; };
		2855D25B1F1D4A3600D8B91D /* WikiViewController.swift in Sources */ = {isa = PBXBuildFile; fileRef = 2855D2591F1D4A3600D8B91D /* WikiViewController.swift */; };
		2855D25C1F1D4A3600D8B91D /* WikiViewController.xib in Resources */ = {isa = PBXBuildFile; fileRef = 2855D25A1F1D4A3600D8B91D /* WikiViewController.xib */; };
		2855D25F1F1D663600D8B91D /* HousesTableViewController.swift in Sources */ = {isa = PBXBuildFile; fileRef = 2855D25D1F1D663600D8B91D /* HousesTableViewController.swift */; };
		2855D2601F1D663600D8B91D /* HousesTableViewController.xib in Resources */ = {isa = PBXBuildFile; fileRef = 2855D25E1F1D663600D8B91D /* HousesTableViewController.xib */; };
		2857CD4C1F163BD0006D99CE /* Casa_Targaryen_estandarte.png in Resources */ = {isa = PBXBuildFile; fileRef = 2857CD4B1F163BD0006D99CE /* Casa_Targaryen_estandarte.png */; };
		28891E281F0C47E200AF29BF /* AppDelegate.swift in Sources */ = {isa = PBXBuildFile; fileRef = 28891E271F0C47E200AF29BF /* AppDelegate.swift */; };
		28891E2F1F0C47E200AF29BF /* Assets.xcassets in Resources */ = {isa = PBXBuildFile; fileRef = 28891E2E1F0C47E200AF29BF /* Assets.xcassets */; };
		28891E321F0C47E200AF29BF /* LaunchScreen.storyboard in Resources */ = {isa = PBXBuildFile; fileRef = 28891E301F0C47E200AF29BF /* LaunchScreen.storyboard */; };
		289772E11F141290009B62F7 /* HouseViewController.swift in Sources */ = {isa = PBXBuildFile; fileRef = 289772DF1F141290009B62F7 /* HouseViewController.swift */; };
		289772E21F141290009B62F7 /* HouseViewController.xib in Resources */ = {isa = PBXBuildFile; fileRef = 289772E01F141290009B62F7 /* HouseViewController.xib */; };
		28B784641F0EC0F100255F77 /* HouseTests.swift in Sources */ = {isa = PBXBuildFile; fileRef = 28B784631F0EC0F100255F77 /* HouseTests.swift */; };
		28B784661F0EC23700255F77 /* House.swift in Sources */ = {isa = PBXBuildFile; fileRef = 28B784651F0EC23700255F77 /* House.swift */; };
		28B7846A1F0EC86D00255F77 /* lannister.jpg in Resources */ = {isa = PBXBuildFile; fileRef = 28B784681F0EC86D00255F77 /* lannister.jpg */; };
		28B7846B1F0EC86D00255F77 /* codeIsComing.png in Resources */ = {isa = PBXBuildFile; fileRef = 28B784691F0EC86D00255F77 /* codeIsComing.png */; };
		28B7846F1F0ECAAA00255F77 /* PersonTest.swift in Sources */ = {isa = PBXBuildFile; fileRef = 28B7846E1F0ECAAA00255F77 /* PersonTest.swift */; };
		28B784711F0ECD8100255F77 /* Person.swift in Sources */ = {isa = PBXBuildFile; fileRef = 28B784701F0ECD8100255F77 /* Person.swift */; };
		28D4EB401F1E99DA0089F52E /* ArrayDataSource.swift in Sources */ = {isa = PBXBuildFile; fileRef = 28D4EB3F1F1E99DA0089F52E /* ArrayDataSource.swift */; };
		28D4EB421F1E9EE40089F52E /* ArrayDataSourceTests.swift in Sources */ = {isa = PBXBuildFile; fileRef = 28D4EB411F1E9EE40089F52E /* ArrayDataSourceTests.swift */; };
		28D4EB441F1EA9940089F52E /* ArrayTableViewController.swift in Sources */ = {isa = PBXBuildFile; fileRef = 28D4EB431F1EA9940089F52E /* ArrayTableViewController.swift */; };
		28D4EB471F1EAB740089F52E /* DataSources.swift in Sources */ = {isa = PBXBuildFile; fileRef = 28D4EB461F1EAB740089F52E /* DataSources.swift */; };
		28D4EB491F1EB0240089F52E /* ArrayTableViewDelegate.swift in Sources */ = {isa = PBXBuildFile; fileRef = 28D4EB481F1EB0240089F52E /* ArrayTableViewDelegate.swift */; };
		28D4EB4B1F1EB11F0089F52E /* Delegates.swift in Sources */ = {isa = PBXBuildFile; fileRef = 28D4EB4A1F1EB11F0089F52E /* Delegates.swift */; };
/* End PBXBuildFile section */

/* Begin PBXContainerItemProxy section */
		28891E391F0C47E200AF29BF /* PBXContainerItemProxy */ = {
			isa = PBXContainerItemProxy;
			containerPortal = 28891E1C1F0C47E200AF29BF /* Project object */;
			proxyType = 1;
			remoteGlobalIDString = 28891E231F0C47E200AF29BF;
			remoteInfo = Westeros;
		};
/* End PBXContainerItemProxy section */

/* Begin PBXFileReference section */
		280205151F155DA90046FEC7 /* UIKitExtensions.swift */ = {isa = PBXFileReference; fileEncoding = 4; lastKnownFileType = sourcecode.swift; path = UIKitExtensions.swift; sourceTree = "<group>"; };
		280205171F1560720046FEC7 /* RepositoryTests.swift */ = {isa = PBXFileReference; fileEncoding = 4; lastKnownFileType = sourcecode.swift; path = RepositoryTests.swift; sourceTree = "<group>"; };
		280205191F15621A0046FEC7 /* Repository.swift */ = {isa = PBXFileReference; fileEncoding = 4; lastKnownFileType = sourcecode.swift; name = Repository.swift; path = Westeros/Repository.swift; sourceTree = "<group>"; };
		2802051B1F1572190046FEC7 /* FuncionesDeAltoNivel.playground */ = {isa = PBXFileReference; lastKnownFileType = file.playground; path = FuncionesDeAltoNivel.playground; sourceTree = "<group>"; };
		2855D2591F1D4A3600D8B91D /* WikiViewController.swift */ = {isa = PBXFileReference; fileEncoding = 4; lastKnownFileType = sourcecode.swift; path = WikiViewController.swift; sourceTree = "<group>"; };
		2855D25A1F1D4A3600D8B91D /* WikiViewController.xib */ = {isa = PBXFileReference; fileEncoding = 4; lastKnownFileType = file.xib; path = WikiViewController.xib; sourceTree = "<group>"; };
		2855D25D1F1D663600D8B91D /* HousesTableViewController.swift */ = {isa = PBXFileReference; fileEncoding = 4; lastKnownFileType = sourcecode.swift; path = HousesTableViewController.swift; sourceTree = "<group>"; };
		2855D25E1F1D663600D8B91D /* HousesTableViewController.xib */ = {isa = PBXFileReference; fileEncoding = 4; lastKnownFileType = file.xib; path = HousesTableViewController.xib; sourceTree = "<group>"; };
		2857CD4B1F163BD0006D99CE /* Casa_Targaryen_estandarte.png */ = {isa = PBXFileReference; lastKnownFileType = image.png; path = Casa_Targaryen_estandarte.png; sourceTree = "<group>"; };
		28891E241F0C47E200AF29BF /* Westeros.app */ = {isa = PBXFileReference; explicitFileType = wrapper.application; includeInIndex = 0; path = Westeros.app; sourceTree = BUILT_PRODUCTS_DIR; };
		28891E271F0C47E200AF29BF /* AppDelegate.swift */ = {isa = PBXFileReference; lastKnownFileType = sourcecode.swift; path = AppDelegate.swift; sourceTree = "<group>"; };
		28891E2E1F0C47E200AF29BF /* Assets.xcassets */ = {isa = PBXFileReference; lastKnownFileType = folder.assetcatalog; path = Assets.xcassets; sourceTree = "<group>"; };
		28891E311F0C47E200AF29BF /* Base */ = {isa = PBXFileReference; lastKnownFileType = file.storyboard; name = Base; path = Base.lproj/LaunchScreen.storyboard; sourceTree = "<group>"; };
		28891E331F0C47E200AF29BF /* Info.plist */ = {isa = PBXFileReference; lastKnownFileType = text.plist.xml; path = Info.plist; sourceTree = "<group>"; };
		28891E381F0C47E200AF29BF /* WesterosTests.xctest */ = {isa = PBXFileReference; explicitFileType = wrapper.cfbundle; includeInIndex = 0; path = WesterosTests.xctest; sourceTree = BUILT_PRODUCTS_DIR; };
		28891E3E1F0C47E300AF29BF /* Info.plist */ = {isa = PBXFileReference; lastKnownFileType = text.plist.xml; path = Info.plist; sourceTree = "<group>"; };
		289772DF1F141290009B62F7 /* HouseViewController.swift */ = {isa = PBXFileReference; fileEncoding = 4; lastKnownFileType = sourcecode.swift; path = HouseViewController.swift; sourceTree = "<group>"; };
		289772E01F141290009B62F7 /* HouseViewController.xib */ = {isa = PBXFileReference; fileEncoding = 4; lastKnownFileType = file.xib; path = HouseViewController.xib; sourceTree = "<group>"; };
		28B784631F0EC0F100255F77 /* HouseTests.swift */ = {isa = PBXFileReference; fileEncoding = 4; lastKnownFileType = sourcecode.swift; path = HouseTests.swift; sourceTree = "<group>"; };
		28B784651F0EC23700255F77 /* House.swift */ = {isa = PBXFileReference; fileEncoding = 4; lastKnownFileType = sourcecode.swift; name = House.swift; path = Westeros/House.swift; sourceTree = "<group>"; };
		28B784681F0EC86D00255F77 /* lannister.jpg */ = {isa = PBXFileReference; lastKnownFileType = image.jpeg; path = lannister.jpg; sourceTree = "<group>"; };
		28B784691F0EC86D00255F77 /* codeIsComing.png */ = {isa = PBXFileReference; lastKnownFileType = image.png; path = codeIsComing.png; sourceTree = "<group>"; };
		28B7846E1F0ECAAA00255F77 /* PersonTest.swift */ = {isa = PBXFileReference; fileEncoding = 4; lastKnownFileType = sourcecode.swift; path = PersonTest.swift; sourceTree = "<group>"; };
		28B784701F0ECD8100255F77 /* Person.swift */ = {isa = PBXFileReference; fileEncoding = 4; lastKnownFileType = sourcecode.swift; path = Person.swift; sourceTree = "<group>"; };
		28D4EB3E1F1E90B70089F52E /* Generics.playground */ = {isa = PBXFileReference; lastKnownFileType = file.playground; path = Generics.playground; sourceTree = "<group>"; };
		28D4EB3F1F1E99DA0089F52E /* ArrayDataSource.swift */ = {isa = PBXFileReference; fileEncoding = 4; lastKnownFileType = sourcecode.swift; path = ArrayDataSource.swift; sourceTree = "<group>"; };
		28D4EB411F1E9EE40089F52E /* ArrayDataSourceTests.swift */ = {isa = PBXFileReference; fileEncoding = 4; lastKnownFileType = sourcecode.swift; path = ArrayDataSourceTests.swift; sourceTree = "<group>"; };
		28D4EB431F1EA9940089F52E /* ArrayTableViewController.swift */ = {isa = PBXFileReference; fileEncoding = 4; lastKnownFileType = sourcecode.swift; path = ArrayTableViewController.swift; sourceTree = "<group>"; };
		28D4EB461F1EAB740089F52E /* DataSources.swift */ = {isa = PBXFileReference; fileEncoding = 4; lastKnownFileType = sourcecode.swift; path = DataSources.swift; sourceTree = "<group>"; };
		28D4EB481F1EB0240089F52E /* ArrayTableViewDelegate.swift */ = {isa = PBXFileReference; fileEncoding = 4; lastKnownFileType = sourcecode.swift; path = ArrayTableViewDelegate.swift; sourceTree = "<group>"; };
		28D4EB4A1F1EB11F0089F52E /* Delegates.swift */ = {isa = PBXFileReference; fileEncoding = 4; lastKnownFileType = sourcecode.swift; path = Delegates.swift; sourceTree = "<group>"; };
/* End PBXFileReference section */

/* Begin PBXFrameworksBuildPhase section */
		28891E211F0C47E200AF29BF /* Frameworks */ = {
			isa = PBXFrameworksBuildPhase;
			buildActionMask = 2147483647;
			files = (
			);
			runOnlyForDeploymentPostprocessing = 0;
		};
		28891E351F0C47E200AF29BF /* Frameworks */ = {
			isa = PBXFrameworksBuildPhase;
			buildActionMask = 2147483647;
			files = (
			);
			runOnlyForDeploymentPostprocessing = 0;
		};
/* End PBXFrameworksBuildPhase section */

/* Begin PBXGroup section */
		280205141F155D8F0046FEC7 /* Cocoa */ = {
			isa = PBXGroup;
			children = (
				280205151F155DA90046FEC7 /* UIKitExtensions.swift */,
			);
			name = Cocoa;
			sourceTree = "<group>";
		};
		28891E1B1F0C47E200AF29BF = {
			isa = PBXGroup;
			children = (
				28891E261F0C47E200AF29BF /* Westeros */,
				28891E3B1F0C47E200AF29BF /* WesterosTests */,
				28891E251F0C47E200AF29BF /* Products */,
			);
			sourceTree = "<group>";
		};
		28891E251F0C47E200AF29BF /* Products */ = {
			isa = PBXGroup;
			children = (
				28891E241F0C47E200AF29BF /* Westeros.app */,
				28891E381F0C47E200AF29BF /* WesterosTests.xctest */,
			);
			name = Products;
			sourceTree = "<group>";
		};
		28891E261F0C47E200AF29BF /* Westeros */ = {
			isa = PBXGroup;
			children = (
				280205141F155D8F0046FEC7 /* Cocoa */,
				28B7846C1F0EC87700255F77 /* Resources */,
				289772DE1F1411AD009B62F7 /* Controllers */,
				28B784671F0EC24400255F77 /* Models */,
				28891E271F0C47E200AF29BF /* AppDelegate.swift */,
				28891E2E1F0C47E200AF29BF /* Assets.xcassets */,
				28891E301F0C47E200AF29BF /* LaunchScreen.storyboard */,
				28891E331F0C47E200AF29BF /* Info.plist */,
				2802051B1F1572190046FEC7 /* FuncionesDeAltoNivel.playground */,
				28D4EB3E1F1E90B70089F52E /* Generics.playground */,
			);
			path = Westeros;
			sourceTree = "<group>";
		};
		28891E3B1F0C47E200AF29BF /* WesterosTests */ = {
			isa = PBXGroup;
			children = (
				28891E3E1F0C47E300AF29BF /* Info.plist */,
				28B784631F0EC0F100255F77 /* HouseTests.swift */,
				28B7846E1F0ECAAA00255F77 /* PersonTest.swift */,
				280205171F1560720046FEC7 /* RepositoryTests.swift */,
				28D4EB411F1E9EE40089F52E /* ArrayDataSourceTests.swift */,
			);
			path = WesterosTests;
			sourceTree = "<group>";
		};
		289772DE1F1411AD009B62F7 /* Controllers */ = {
			isa = PBXGroup;
			children = (
				28D4EB451F1EAB510089F52E /* Generics */,
				289772DF1F141290009B62F7 /* HouseViewController.swift */,
				289772E01F141290009B62F7 /* HouseViewController.xib */,
				2855D2591F1D4A3600D8B91D /* WikiViewController.swift */,
				2855D25A1F1D4A3600D8B91D /* WikiViewController.xib */,
				2855D25D1F1D663600D8B91D /* HousesTableViewController.swift */,
				2855D25E1F1D663600D8B91D /* HousesTableViewController.xib */,
			);
			name = Controllers;
			sourceTree = "<group>";
		};
		28B784671F0EC24400255F77 /* Models */ = {
			isa = PBXGroup;
			children = (
				28B784651F0EC23700255F77 /* House.swift */,
				28B784701F0ECD8100255F77 /* Person.swift */,
				280205191F15621A0046FEC7 /* Repository.swift */,
			);
			name = Models;
			path = ..;
			sourceTree = "<group>";
		};
		28B7846C1F0EC87700255F77 /* Resources */ = {
			isa = PBXGroup;
			children = (
				2857CD4B1F163BD0006D99CE /* Casa_Targaryen_estandarte.png */,
				28B784681F0EC86D00255F77 /* lannister.jpg */,
				28B784691F0EC86D00255F77 /* codeIsComing.png */,
			);
			name = Resources;
			sourceTree = "<group>";
		};
		28D4EB451F1EAB510089F52E /* Generics */ = {
			isa = PBXGroup;
			children = (
				28D4EB4D1F1EB1C70089F52E /* Delegates */,
				28D4EB4C1F1EB1BF0089F52E /* DataSources */,
				28D4EB431F1EA9940089F52E /* ArrayTableViewController.swift */,
				28D4EB3F1F1E99DA0089F52E /* ArrayDataSource.swift */,
				28D4EB481F1EB0240089F52E /* ArrayTableViewDelegate.swift */,
			);
			name = Generics;
			sourceTree = "<group>";
		};
		28D4EB4C1F1EB1BF0089F52E /* DataSources */ = {
			isa = PBXGroup;
			children = (
				28D4EB461F1EAB740089F52E /* DataSources.swift */,
			);
			name = DataSources;
			sourceTree = "<group>";
		};
		28D4EB4D1F1EB1C70089F52E /* Delegates */ = {
			isa = PBXGroup;
			children = (
				28D4EB4A1F1EB11F0089F52E /* Delegates.swift */,
			);
			name = Delegates;
			sourceTree = "<group>";
		};
/* End PBXGroup section */

/* Begin PBXNativeTarget section */
		28891E231F0C47E200AF29BF /* Westeros */ = {
			isa = PBXNativeTarget;
			buildConfigurationList = 28891E411F0C47E300AF29BF /* Build configuration list for PBXNativeTarget "Westeros" */;
			buildPhases = (
				28891E201F0C47E200AF29BF /* Sources */,
				28891E211F0C47E200AF29BF /* Frameworks */,
				28891E221F0C47E200AF29BF /* Resources */,
			);
			buildRules = (
			);
			dependencies = (
			);
			name = Westeros;
			productName = Westeros;
			productReference = 28891E241F0C47E200AF29BF /* Westeros.app */;
			productType = "com.apple.product-type.application";
		};
		28891E371F0C47E200AF29BF /* WesterosTests */ = {
			isa = PBXNativeTarget;
			buildConfigurationList = 28891E441F0C47E300AF29BF /* Build configuration list for PBXNativeTarget "WesterosTests" */;
			buildPhases = (
				28891E341F0C47E200AF29BF /* Sources */,
				28891E351F0C47E200AF29BF /* Frameworks */,
				28891E361F0C47E200AF29BF /* Resources */,
			);
			buildRules = (
			);
			dependencies = (
				28891E3A1F0C47E200AF29BF /* PBXTargetDependency */,
			);
			name = WesterosTests;
			productName = WesterosTests;
			productReference = 28891E381F0C47E200AF29BF /* WesterosTests.xctest */;
			productType = "com.apple.product-type.bundle.unit-test";
		};
/* End PBXNativeTarget section */

/* Begin PBXProject section */
		28891E1C1F0C47E200AF29BF /* Project object */ = {
			isa = PBXProject;
			attributes = {
				LastSwiftUpdateCheck = 0830;
				LastUpgradeCheck = 0830;
				ORGANIZATIONNAME = "Carlos Ledesma";
				TargetAttributes = {
					28891E231F0C47E200AF29BF = {
						CreatedOnToolsVersion = 8.3.3;
						DevelopmentTeam = 7MS6HQ5AL2;
						ProvisioningStyle = Automatic;
					};
					28891E371F0C47E200AF29BF = {
						CreatedOnToolsVersion = 8.3.3;
						DevelopmentTeam = 7MS6HQ5AL2;
						LastSwiftMigration = 0830;
						ProvisioningStyle = Automatic;
						TestTargetID = 28891E231F0C47E200AF29BF;
					};
				};
			};
			buildConfigurationList = 28891E1F1F0C47E200AF29BF /* Build configuration list for PBXProject "Westeros" */;
			compatibilityVersion = "Xcode 3.2";
			developmentRegion = English;
			hasScannedForEncodings = 0;
			knownRegions = (
				en,
				Base,
			);
			mainGroup = 28891E1B1F0C47E200AF29BF;
			productRefGroup = 28891E251F0C47E200AF29BF /* Products */;
			projectDirPath = "";
			projectRoot = "";
			targets = (
				28891E231F0C47E200AF29BF /* Westeros */,
				28891E371F0C47E200AF29BF /* WesterosTests */,
			);
		};
/* End PBXProject section */

/* Begin PBXResourcesBuildPhase section */
		28891E221F0C47E200AF29BF /* Resources */ = {
			isa = PBXResourcesBuildPhase;
			buildActionMask = 2147483647;
			files = (
				28B7846A1F0EC86D00255F77 /* lannister.jpg in Resources */,
				2855D25C1F1D4A3600D8B91D /* WikiViewController.xib in Resources */,
				28891E321F0C47E200AF29BF /* LaunchScreen.storyboard in Resources */,
				2857CD4C1F163BD0006D99CE /* Casa_Targaryen_estandarte.png in Resources */,
				2855D2601F1D663600D8B91D /* HousesTableViewController.xib in Resources */,
				289772E21F141290009B62F7 /* HouseViewController.xib in Resources */,
				28891E2F1F0C47E200AF29BF /* Assets.xcassets in Resources */,
				28B7846B1F0EC86D00255F77 /* codeIsComing.png in Resources */,
			);
			runOnlyForDeploymentPostprocessing = 0;
		};
		28891E361F0C47E200AF29BF /* Resources */ = {
			isa = PBXResourcesBuildPhase;
			buildActionMask = 2147483647;
			files = (
			);
			runOnlyForDeploymentPostprocessing = 0;
		};
/* End PBXResourcesBuildPhase section */

/* Begin PBXSourcesBuildPhase section */
		28891E201F0C47E200AF29BF /* Sources */ = {
			isa = PBXSourcesBuildPhase;
			buildActionMask = 2147483647;
			files = (
				28D4EB441F1EA9940089F52E /* ArrayTableViewController.swift in Sources */,
				28D4EB401F1E99DA0089F52E /* ArrayDataSource.swift in Sources */,
				28D4EB4B1F1EB11F0089F52E /* Delegates.swift in Sources */,
				28D4EB491F1EB0240089F52E /* ArrayTableViewDelegate.swift in Sources */,
				2855D25F1F1D663600D8B91D /* HousesTableViewController.swift in Sources */,
				28B784711F0ECD8100255F77 /* Person.swift in Sources */,
				28B784661F0EC23700255F77 /* House.swift in Sources */,
				28891E281F0C47E200AF29BF /* AppDelegate.swift in Sources */,
				289772E11F141290009B62F7 /* HouseViewController.swift in Sources */,
				280205161F155DA90046FEC7 /* UIKitExtensions.swift in Sources */,
				2802051A1F15621A0046FEC7 /* Repository.swift in Sources */,
				2855D25B1F1D4A3600D8B91D /* WikiViewController.swift in Sources */,
				28D4EB471F1EAB740089F52E /* DataSources.swift in Sources */,
			);
			runOnlyForDeploymentPostprocessing = 0;
		};
		28891E341F0C47E200AF29BF /* Sources */ = {
			isa = PBXSourcesBuildPhase;
			buildActionMask = 2147483647;
			files = (
				28B784641F0EC0F100255F77 /* HouseTests.swift in Sources */,
				28B7846F1F0ECAAA00255F77 /* PersonTest.swift in Sources */,
				28D4EB421F1E9EE40089F52E /* ArrayDataSourceTests.swift in Sources */,
				280205181F1560720046FEC7 /* RepositoryTests.swift in Sources */,
			);
			runOnlyForDeploymentPostprocessing = 0;
		};
/* End PBXSourcesBuildPhase section */

/* Begin PBXTargetDependency section */
		28891E3A1F0C47E200AF29BF /* PBXTargetDependency */ = {
			isa = PBXTargetDependency;
			target = 28891E231F0C47E200AF29BF /* Westeros */;
			targetProxy = 28891E391F0C47E200AF29BF /* PBXContainerItemProxy */;
		};
/* End PBXTargetDependency section */

/* Begin PBXVariantGroup section */
		28891E301F0C47E200AF29BF /* LaunchScreen.storyboard */ = {
			isa = PBXVariantGroup;
			children = (
				28891E311F0C47E200AF29BF /* Base */,
			);
			name = LaunchScreen.storyboard;
			sourceTree = "<group>";
		};
/* End PBXVariantGroup section */

/* Begin XCBuildConfiguration section */
		28891E3F1F0C47E300AF29BF /* Debug */ = {
			isa = XCBuildConfiguration;
			buildSettings = {
				ALWAYS_SEARCH_USER_PATHS = NO;
				CLANG_ANALYZER_NONNULL = YES;
				CLANG_ANALYZER_NUMBER_OBJECT_CONVERSION = YES_AGGRESSIVE;
				CLANG_CXX_LANGUAGE_STANDARD = "gnu++0x";
				CLANG_CXX_LIBRARY = "libc++";
				CLANG_ENABLE_MODULES = YES;
				CLANG_ENABLE_OBJC_ARC = YES;
				CLANG_WARN_BOOL_CONVERSION = YES;
				CLANG_WARN_CONSTANT_CONVERSION = YES;
				CLANG_WARN_DIRECT_OBJC_ISA_USAGE = YES_ERROR;
				CLANG_WARN_DOCUMENTATION_COMMENTS = YES;
				CLANG_WARN_EMPTY_BODY = YES;
				CLANG_WARN_ENUM_CONVERSION = YES;
				CLANG_WARN_INFINITE_RECURSION = YES;
				CLANG_WARN_INT_CONVERSION = YES;
				CLANG_WARN_OBJC_ROOT_CLASS = YES_ERROR;
				CLANG_WARN_SUSPICIOUS_MOVE = YES;
				CLANG_WARN_UNREACHABLE_CODE = YES;
				CLANG_WARN__DUPLICATE_METHOD_MATCH = YES;
				"CODE_SIGN_IDENTITY[sdk=iphoneos*]" = "iPhone Developer";
				COPY_PHASE_STRIP = NO;
				DEBUG_INFORMATION_FORMAT = dwarf;
				ENABLE_STRICT_OBJC_MSGSEND = YES;
				ENABLE_TESTABILITY = YES;
				GCC_C_LANGUAGE_STANDARD = gnu99;
				GCC_DYNAMIC_NO_PIC = NO;
				GCC_NO_COMMON_BLOCKS = YES;
				GCC_OPTIMIZATION_LEVEL = 0;
				GCC_PREPROCESSOR_DEFINITIONS = (
					"DEBUG=1",
					"$(inherited)",
				);
				GCC_WARN_64_TO_32_BIT_CONVERSION = YES;
				GCC_WARN_ABOUT_RETURN_TYPE = YES_ERROR;
				GCC_WARN_UNDECLARED_SELECTOR = YES;
				GCC_WARN_UNINITIALIZED_AUTOS = YES_AGGRESSIVE;
				GCC_WARN_UNUSED_FUNCTION = YES;
				GCC_WARN_UNUSED_VARIABLE = YES;
				IPHONEOS_DEPLOYMENT_TARGET = 10.3;
				MTL_ENABLE_DEBUG_INFO = YES;
				ONLY_ACTIVE_ARCH = YES;
				SDKROOT = iphoneos;
				SWIFT_ACTIVE_COMPILATION_CONDITIONS = DEBUG;
				SWIFT_OPTIMIZATION_LEVEL = "-Onone";
				TARGETED_DEVICE_FAMILY = "1,2";
			};
			name = Debug;
		};
		28891E401F0C47E300AF29BF /* Release */ = {
			isa = XCBuildConfiguration;
			buildSettings = {
				ALWAYS_SEARCH_USER_PATHS = NO;
				CLANG_ANALYZER_NONNULL = YES;
				CLANG_ANALYZER_NUMBER_OBJECT_CONVERSION = YES_AGGRESSIVE;
				CLANG_CXX_LANGUAGE_STANDARD = "gnu++0x";
				CLANG_CXX_LIBRARY = "libc++";
				CLANG_ENABLE_MODULES = YES;
				CLANG_ENABLE_OBJC_ARC = YES;
				CLANG_WARN_BOOL_CONVERSION = YES;
				CLANG_WARN_CONSTANT_CONVERSION = YES;
				CLANG_WARN_DIRECT_OBJC_ISA_USAGE = YES_ERROR;
				CLANG_WARN_DOCUMENTATION_COMMENTS = YES;
				CLANG_WARN_EMPTY_BODY = YES;
				CLANG_WARN_ENUM_CONVERSION = YES;
				CLANG_WARN_INFINITE_RECURSION = YES;
				CLANG_WARN_INT_CONVERSION = YES;
				CLANG_WARN_OBJC_ROOT_CLASS = YES_ERROR;
				CLANG_WARN_SUSPICIOUS_MOVE = YES;
				CLANG_WARN_UNREACHABLE_CODE = YES;
				CLANG_WARN__DUPLICATE_METHOD_MATCH = YES;
				"CODE_SIGN_IDENTITY[sdk=iphoneos*]" = "iPhone Developer";
				COPY_PHASE_STRIP = NO;
				DEBUG_INFORMATION_FORMAT = "dwarf-with-dsym";
				ENABLE_NS_ASSERTIONS = NO;
				ENABLE_STRICT_OBJC_MSGSEND = YES;
				GCC_C_LANGUAGE_STANDARD = gnu99;
				GCC_NO_COMMON_BLOCKS = YES;
				GCC_WARN_64_TO_32_BIT_CONVERSION = YES;
				GCC_WARN_ABOUT_RETURN_TYPE = YES_ERROR;
				GCC_WARN_UNDECLARED_SELECTOR = YES;
				GCC_WARN_UNINITIALIZED_AUTOS = YES_AGGRESSIVE;
				GCC_WARN_UNUSED_FUNCTION = YES;
				GCC_WARN_UNUSED_VARIABLE = YES;
				IPHONEOS_DEPLOYMENT_TARGET = 10.3;
				MTL_ENABLE_DEBUG_INFO = NO;
				SDKROOT = iphoneos;
				SWIFT_OPTIMIZATION_LEVEL = "-Owholemodule";
				TARGETED_DEVICE_FAMILY = "1,2";
				VALIDATE_PRODUCT = YES;
			};
			name = Release;
		};
		28891E421F0C47E300AF29BF /* Debug */ = {
			isa = XCBuildConfiguration;
			buildSettings = {
				ASSETCATALOG_COMPILER_APPICON_NAME = AppIcon;
				CODE_SIGN_IDENTITY = "iPhone Developer";
				"CODE_SIGN_IDENTITY[sdk=iphonesimulator10.3]" = "iPhone Developer";
				DEVELOPMENT_TEAM = 7MS6HQ5AL2;
				INFOPLIST_FILE = Westeros/Info.plist;
				IPHONEOS_DEPLOYMENT_TARGET = 10.2;
				LD_RUNPATH_SEARCH_PATHS = "$(inherited) @executable_path/Frameworks";
				MACOSX_DEPLOYMENT_TARGET = 10.12;
				PRODUCT_BUNDLE_IDENTIFIER = es.clc.Westeros;
				PRODUCT_NAME = "$(TARGET_NAME)";
				PROVISIONING_PROFILE_SPECIFIER = "";
				SWIFT_VERSION = 3.0;
			};
			name = Debug;
		};
		28891E431F0C47E300AF29BF /* Release */ = {
			isa = XCBuildConfiguration;
			buildSettings = {
				ASSETCATALOG_COMPILER_APPICON_NAME = AppIcon;
				CODE_SIGN_IDENTITY = "iPhone Developer";
				"CODE_SIGN_IDENTITY[sdk=iphonesimulator10.3]" = "Mac Developer";
				DEVELOPMENT_TEAM = 7MS6HQ5AL2;
				INFOPLIST_FILE = Westeros/Info.plist;
				IPHONEOS_DEPLOYMENT_TARGET = 10.2;
				LD_RUNPATH_SEARCH_PATHS = "$(inherited) @executable_path/Frameworks";
				MACOSX_DEPLOYMENT_TARGET = 10.12;
				PRODUCT_BUNDLE_IDENTIFIER = es.clc.Westeros;
				PRODUCT_NAME = "$(TARGET_NAME)";
				PROVISIONING_PROFILE_SPECIFIER = "";
				SWIFT_VERSION = 3.0;
			};
			name = Release;
		};
		28891E451F0C47E300AF29BF /* Debug */ = {
			isa = XCBuildConfiguration;
			buildSettings = {
				ALWAYS_EMBED_SWIFT_STANDARD_LIBRARIES = YES;
				BUNDLE_LOADER = "$(TEST_HOST)";
				CLANG_ENABLE_MODULES = YES;
				DEVELOPMENT_TEAM = 7MS6HQ5AL2;
				INFOPLIST_FILE = WesterosTests/Info.plist;
				LD_RUNPATH_SEARCH_PATHS = "$(inherited) @executable_path/Frameworks @loader_path/Frameworks";
				PRODUCT_BUNDLE_IDENTIFIER = es.clc.WesterosTests;
				PRODUCT_NAME = "$(TARGET_NAME)";
				SWIFT_OPTIMIZATION_LEVEL = "-Onone";
				SWIFT_VERSION = 3.0;
				TEST_HOST = "$(BUILT_PRODUCTS_DIR)/Westeros.app/Westeros";
			};
			name = Debug;
		};
		28891E461F0C47E300AF29BF /* Release */ = {
			isa = XCBuildConfiguration;
			buildSettings = {
				ALWAYS_EMBED_SWIFT_STANDARD_LIBRARIES = YES;
				BUNDLE_LOADER = "$(TEST_HOST)";
				CLANG_ENABLE_MODULES = YES;
				DEVELOPMENT_TEAM = 7MS6HQ5AL2;
				INFOPLIST_FILE = WesterosTests/Info.plist;
				LD_RUNPATH_SEARCH_PATHS = "$(inherited) @executable_path/Frameworks @loader_path/Frameworks";
				PRODUCT_BUNDLE_IDENTIFIER = es.clc.WesterosTests;
				PRODUCT_NAME = "$(TARGET_NAME)";
				SWIFT_VERSION = 3.0;
				TEST_HOST = "$(BUILT_PRODUCTS_DIR)/Westeros.app/Westeros";
			};
			name = Release;
		};
/* End XCBuildConfiguration section */

/* Begin XCConfigurationList section */
		28891E1F1F0C47E200AF29BF /* Build configuration list for PBXProject "Westeros" */ = {
			isa = XCConfigurationList;
			buildConfigurations = (
				28891E3F1F0C47E300AF29BF /* Debug */,
				28891E401F0C47E300AF29BF /* Release */,
			);
			defaultConfigurationIsVisible = 0;
			defaultConfigurationName = Release;
		};
		28891E411F0C47E300AF29BF /* Build configuration list for PBXNativeTarget "Westeros" */ = {
			isa = XCConfigurationList;
			buildConfigurations = (
				28891E421F0C47E300AF29BF /* Debug */,
				28891E431F0C47E300AF29BF /* Release */,
			);
			defaultConfigurationIsVisible = 0;
			defaultConfigurationName = Release;
		};
		28891E441F0C47E300AF29BF /* Build configuration list for PBXNativeTarget "WesterosTests" */ = {
			isa = XCConfigurationList;
			buildConfigurations = (
				28891E451F0C47E300AF29BF /* Debug */,
				28891E461F0C47E300AF29BF /* Release */,
			);
			defaultConfigurationIsVisible = 0;
			defaultConfigurationName = Release;
		};
/* End XCConfigurationList section */
	};
	rootObject = 28891E1C1F0C47E200AF29BF /* Project object */;
}
